// !$*UTF8*$!
{
	archiveVersion = 1;
	classes = {
	};
	objectVersion = 56;
	objects = {

/* Begin PBXBuildFile section */
		02E63D0B295153F100E0AFEB /* _DCarousel1220App.swift in Sources */ = {isa = PBXBuildFile; fileRef = 02E63D0A295153F100E0AFEB /* _DCarousel1220App.swift */; };
		02E63D0D295153F100E0AFEB /* ContentView.swift in Sources */ = {isa = PBXBuildFile; fileRef = 02E63D0C295153F100E0AFEB /* ContentView.swift */; };
		02E63D0F295153F200E0AFEB /* Assets.xcassets in Resources */ = {isa = PBXBuildFile; fileRef = 02E63D0E295153F200E0AFEB /* Assets.xcassets */; };
		02E63D12295153F200E0AFEB /* Preview Assets.xcassets in Resources */ = {isa = PBXBuildFile; fileRef = 02E63D11295153F200E0AFEB /* Preview Assets.xcassets */; };
		02E63D1B2951553700E0AFEB /* Card.swift in Sources */ = {isa = PBXBuildFile; fileRef = 02E63D1A2951553700E0AFEB /* Card.swift */; };
		02E63D1D29518ACF00E0AFEB /* Home.swift in Sources */ = {isa = PBXBuildFile; fileRef = 02E63D1C29518ACF00E0AFEB /* Home.swift */; };
		02E63D1F29518E0F00E0AFEB /* Carousel3D.swift in Sources */ = {isa = PBXBuildFile; fileRef = 02E63D1E29518E0F00E0AFEB /* Carousel3D.swift */; };
/* End PBXBuildFile section */

/* Begin PBXFileReference section */
		02E63D07295153F100E0AFEB /* 3DCarousel1220.app */ = {isa = PBXFileReference; explicitFileType = wrapper.application; includeInIndex = 0; path = 3DCarousel1220.app; sourceTree = BUILT_PRODUCTS_DIR; };
		02E63D0A295153F100E0AFEB /* _DCarousel1220App.swift */ = {isa = PBXFileReference; lastKnownFileType = sourcecode.swift; path = _DCarousel1220App.swift; sourceTree = "<group>"; };
		02E63D0C295153F100E0AFEB /* ContentView.swift */ = {isa = PBXFileReference; lastKnownFileType = sourcecode.swift; path = ContentView.swift; sourceTree = "<group>"; };
		02E63D0E295153F200E0AFEB /* Assets.xcassets */ = {isa = PBXFileReference; lastKnownFileType = folder.assetcatalog; path = Assets.xcassets; sourceTree = "<group>"; };
		02E63D11295153F200E0AFEB /* Preview Assets.xcassets */ = {isa = PBXFileReference; lastKnownFileType = folder.assetcatalog; path = "Preview Assets.xcassets"; sourceTree = "<group>"; };
		02E63D1A2951553700E0AFEB /* Card.swift */ = {isa = PBXFileReference; lastKnownFileType = sourcecode.swift; path = Card.swift; sourceTree = "<group>"; };
		02E63D1C29518ACF00E0AFEB /* Home.swift */ = {isa = PBXFileReference; lastKnownFileType = sourcecode.swift; path = Home.swift; sourceTree = "<group>"; };
		02E63D1E29518E0F00E0AFEB /* Carousel3D.swift */ = {isa = PBXFileReference; lastKnownFileType = sourcecode.swift; path = Carousel3D.swift; sourceTree = "<group>"; };
/* End PBXFileReference section */

/* Begin PBXFrameworksBuildPhase section */
		02E63D04295153F100E0AFEB /* Frameworks */ = {
			isa = PBXFrameworksBuildPhase;
			buildActionMask = 2147483647;
			files = (
			);
			runOnlyForDeploymentPostprocessing = 0;
		};
/* End PBXFrameworksBuildPhase section */

/* Begin PBXGroup section */
		02E63CFE295153F100E0AFEB = {
			isa = PBXGroup;
			children = (
				02E63D09295153F100E0AFEB /* 3DCarousel1220 */,
				02E63D08295153F100E0AFEB /* Products */,
			);
			sourceTree = "<group>";
		};
		02E63D08295153F100E0AFEB /* Products */ = {
			isa = PBXGroup;
			children = (
				02E63D07295153F100E0AFEB /* 3DCarousel1220.app */,
			);
			name = Products;
			sourceTree = "<group>";
		};
		02E63D09295153F100E0AFEB /* 3DCarousel1220 */ = {
			isa = PBXGroup;
			children = (
				02E63D192951548C00E0AFEB /* View */,
				02E63D182951548300E0AFEB /* Model */,
				02E63D0A295153F100E0AFEB /* _DCarousel1220App.swift */,
				02E63D0C295153F100E0AFEB /* ContentView.swift */,
				02E63D0E295153F200E0AFEB /* Assets.xcassets */,
				02E63D10295153F200E0AFEB /* Preview Content */,
			);
			path = 3DCarousel1220;
			sourceTree = "<group>";
		};
		02E63D10295153F200E0AFEB /* Preview Content */ = {
			isa = PBXGroup;
			children = (
				02E63D11295153F200E0AFEB /* Preview Assets.xcassets */,
			);
			path = "Preview Content";
			sourceTree = "<group>";
		};
		02E63D182951548300E0AFEB /* Model */ = {
			isa = PBXGroup;
			children = (
				02E63D1A2951553700E0AFEB /* Card.swift */,
			);
			path = Model;
			sourceTree = "<group>";
		};
		02E63D192951548C00E0AFEB /* View */ = {
			isa = PBXGroup;
			children = (
				02E63D1C29518ACF00E0AFEB /* Home.swift */,
				02E63D1E29518E0F00E0AFEB /* Carousel3D.swift */,
			);
			path = View;
			sourceTree = "<group>";
		};
/* End PBXGroup section */

/* Begin PBXNativeTarget section */
		02E63D06295153F100E0AFEB /* 3DCarousel1220 */ = {
			isa = PBXNativeTarget;
			buildConfigurationList = 02E63D15295153F200E0AFEB /* Build configuration list for PBXNativeTarget "3DCarousel1220" */;
			buildPhases = (
				02E63D03295153F100E0AFEB /* Sources */,
				02E63D04295153F100E0AFEB /* Frameworks */,
				02E63D05295153F100E0AFEB /* Resources */,
			);
			buildRules = (
			);
			dependencies = (
			);
			name = 3DCarousel1220;
			productName = 3DCarousel1220;
			productReference = 02E63D07295153F100E0AFEB /* 3DCarousel1220.app */;
			productType = "com.apple.product-type.application";
		};
/* End PBXNativeTarget section */

/* Begin PBXProject section */
		02E63CFF295153F100E0AFEB /* Project object */ = {
			isa = PBXProject;
			attributes = {
				BuildIndependentTargetsInParallel = 1;
				LastSwiftUpdateCheck = 1420;
				LastUpgradeCheck = 1420;
				TargetAttributes = {
					02E63D06295153F100E0AFEB = {
						CreatedOnToolsVersion = 14.2;
					};
				};
			};
			buildConfigurationList = 02E63D02295153F100E0AFEB /* Build configuration list for PBXProject "3DCarousel1220" */;
			compatibilityVersion = "Xcode 14.0";
			developmentRegion = en;
			hasScannedForEncodings = 0;
			knownRegions = (
				en,
				Base,
			);
			mainGroup = 02E63CFE295153F100E0AFEB;
			productRefGroup = 02E63D08295153F100E0AFEB /* Products */;
			projectDirPath = "";
			projectRoot = "";
			targets = (
				02E63D06295153F100E0AFEB /* 3DCarousel1220 */,
			);
		};
/* End PBXProject section */

/* Begin PBXResourcesBuildPhase section */
		02E63D05295153F100E0AFEB /* Resources */ = {
			isa = PBXResourcesBuildPhase;
			buildActionMask = 2147483647;
			files = (
				02E63D12295153F200E0AFEB /* Preview Assets.xcassets in Resources */,
				02E63D0F295153F200E0AFEB /* Assets.xcassets in Resources */,
			);
			runOnlyForDeploymentPostprocessing = 0;
		};
/* End PBXResourcesBuildPhase section */

/* Begin PBXSourcesBuildPhase section */
		02E63D03295153F100E0AFEB /* Sources */ = {
			isa = PBXSourcesBuildPhase;
			buildActionMask = 2147483647;
			files = (
				02E63D0D295153F100E0AFEB /* ContentView.swift in Sources */,
				02E63D0B295153F100E0AFEB /* _DCarousel1220App.swift in Sources */,
				02E63D1D29518ACF00E0AFEB /* Home.swift in Sources */,
				02E63D1B2951553700E0AFEB /* Card.swift in Sources */,
				02E63D1F29518E0F00E0AFEB /* Carousel3D.swift in Sources */,
			);
			runOnlyForDeploymentPostprocessing = 0;
		};
/* End PBXSourcesBuildPhase section */

/* Begin XCBuildConfiguration section */
		02E63D13295153F200E0AFEB /* Debug */ = {
			isa = XCBuildConfiguration;
			buildSettings = {
				ALWAYS_SEARCH_USER_PATHS = NO;
				CLANG_ANALYZER_NONNULL = YES;
				CLANG_ANALYZER_NUMBER_OBJECT_CONVERSION = YES_AGGRESSIVE;
				CLANG_CXX_LANGUAGE_STANDARD = "gnu++20";
				CLANG_ENABLE_MODULES = YES;
				CLANG_ENABLE_OBJC_ARC = YES;
				CLANG_ENABLE_OBJC_WEAK = YES;
				CLANG_WARN_BLOCK_CAPTURE_AUTORELEASING = YES;
				CLANG_WARN_BOOL_CONVERSION = YES;
				CLANG_WARN_COMMA = YES;
				CLANG_WARN_CONSTANT_CONVERSION = YES;
				CLANG_WARN_DEPRECATED_OBJC_IMPLEMENTATIONS = YES;
				CLANG_WARN_DIRECT_OBJC_ISA_USAGE = YES_ERROR;
				CLANG_WARN_DOCUMENTATION_COMMENTS = YES;
				CLANG_WARN_EMPTY_BODY = YES;
				CLANG_WARN_ENUM_CONVERSION = YES;
				CLANG_WARN_INFINITE_RECURSION = YES;
				CLANG_WARN_INT_CONVERSION = YES;
				CLANG_WARN_NON_LITERAL_NULL_CONVERSION = YES;
				CLANG_WARN_OBJC_IMPLICIT_RETAIN_SELF = YES;
				CLANG_WARN_OBJC_LITERAL_CONVERSION = YES;
				CLANG_WARN_OBJC_ROOT_CLASS = YES_ERROR;
				CLANG_WARN_QUOTED_INCLUDE_IN_FRAMEWORK_HEADER = YES;
				CLANG_WARN_RANGE_LOOP_ANALYSIS = YES;
				CLANG_WARN_STRICT_PROTOTYPES = YES;
				CLANG_WARN_SUSPICIOUS_MOVE = YES;
				CLANG_WARN_UNGUARDED_AVAILABILITY = YES_AGGRESSIVE;
				CLANG_WARN_UNREACHABLE_CODE = YES;
				CLANG_WARN__DUPLICATE_METHOD_MATCH = YES;
				COPY_PHASE_STRIP = NO;
				DEBUG_INFORMATION_FORMAT = dwarf;
				ENABLE_STRICT_OBJC_MSGSEND = YES;
				ENABLE_TESTABILITY = YES;
				GCC_C_LANGUAGE_STANDARD = gnu11;
				GCC_DYNAMIC_NO_PIC = NO;
				GCC_NO_COMMON_BLOCKS = YES;
				GCC_OPTIMIZATION_LEVEL = 0;
				GCC_PREPROCESSOR_DEFINITIONS = (
					"DEBUG=1",
					"$(inherited)",
				);
				GCC_WARN_64_TO_32_BIT_CONVERSION = YES;
				GCC_WARN_ABOUT_RETURN_TYPE = YES_ERROR;
				GCC_WARN_UNDECLARED_SELECTOR = YES;
				GCC_WARN_UNINITIALIZED_AUTOS = YES_AGGRESSIVE;
				GCC_WARN_UNUSED_FUNCTION = YES;
				GCC_WARN_UNUSED_VARIABLE = YES;
				IPHONEOS_DEPLOYMENT_TARGET = 16.2;
				MTL_ENABLE_DEBUG_INFO = INCLUDE_SOURCE;
				MTL_FAST_MATH = YES;
				ONLY_ACTIVE_ARCH = YES;
				SDKROOT = iphoneos;
				SWIFT_ACTIVE_COMPILATION_CONDITIONS = DEBUG;
				SWIFT_OPTIMIZATION_LEVEL = "-Onone";
			};
			name = Debug;
		};
		02E63D14295153F200E0AFEB /* Release */ = {
			isa = XCBuildConfiguration;
			buildSettings = {
				ALWAYS_SEARCH_USER_PATHS = NO;
				CLANG_ANALYZER_NONNULL = YES;
				CLANG_ANALYZER_NUMBER_OBJECT_CONVERSION = YES_AGGRESSIVE;
				CLANG_CXX_LANGUAGE_STANDARD = "gnu++20";
				CLANG_ENABLE_MODULES = YES;
				CLANG_ENABLE_OBJC_ARC = YES;
				CLANG_ENABLE_OBJC_WEAK = YES;
				CLANG_WARN_BLOCK_CAPTURE_AUTORELEASING = YES;
				CLANG_WARN_BOOL_CONVERSION = YES;
				CLANG_WARN_COMMA = YES;
				CLANG_WARN_CONSTANT_CONVERSION = YES;
				CLANG_WARN_DEPRECATED_OBJC_IMPLEMENTATIONS = YES;
				CLANG_WARN_DIRECT_OBJC_ISA_USAGE = YES_ERROR;
				CLANG_WARN_DOCUMENTATION_COMMENTS = YES;
				CLANG_WARN_EMPTY_BODY = YES;
				CLANG_WARN_ENUM_CONVERSION = YES;
				CLANG_WARN_INFINITE_RECURSION = YES;
				CLANG_WARN_INT_CONVERSION = YES;
				CLANG_WARN_NON_LITERAL_NULL_CONVERSION = YES;
				CLANG_WARN_OBJC_IMPLICIT_RETAIN_SELF = YES;
				CLANG_WARN_OBJC_LITERAL_CONVERSION = YES;
				CLANG_WARN_OBJC_ROOT_CLASS = YES_ERROR;
				CLANG_WARN_QUOTED_INCLUDE_IN_FRAMEWORK_HEADER = YES;
				CLANG_WARN_RANGE_LOOP_ANALYSIS = YES;
				CLANG_WARN_STRICT_PROTOTYPES = YES;
				CLANG_WARN_SUSPICIOUS_MOVE = YES;
				CLANG_WARN_UNGUARDED_AVAILABILITY = YES_AGGRESSIVE;
				CLANG_WARN_UNREACHABLE_CODE = YES;
				CLANG_WARN__DUPLICATE_METHOD_MATCH = YES;
				COPY_PHASE_STRIP = NO;
				DEBUG_INFORMATION_FORMAT = "dwarf-with-dsym";
				ENABLE_NS_ASSERTIONS = NO;
				ENABLE_STRICT_OBJC_MSGSEND = YES;
				GCC_C_LANGUAGE_STANDARD = gnu11;
				GCC_NO_COMMON_BLOCKS = YES;
				GCC_WARN_64_TO_32_BIT_CONVERSION = YES;
				GCC_WARN_ABOUT_RETURN_TYPE = YES_ERROR;
				GCC_WARN_UNDECLARED_SELECTOR = YES;
				GCC_WARN_UNINITIALIZED_AUTOS = YES_AGGRESSIVE;
				GCC_WARN_UNUSED_FUNCTION = YES;
				GCC_WARN_UNUSED_VARIABLE = YES;
				IPHONEOS_DEPLOYMENT_TARGET = 16.2;
				MTL_ENABLE_DEBUG_INFO = NO;
				MTL_FAST_MATH = YES;
				SDKROOT = iphoneos;
				SWIFT_COMPILATION_MODE = wholemodule;
				SWIFT_OPTIMIZATION_LEVEL = "-O";
				VALIDATE_PRODUCT = YES;
			};
			name = Release;
		};
		02E63D16295153F200E0AFEB /* Debug */ = {
			isa = XCBuildConfiguration;
			buildSettings = {
				ASSETCATALOG_COMPILER_APPICON_NAME = AppIcon;
				ASSETCATALOG_COMPILER_GLOBAL_ACCENT_COLOR_NAME = AccentColor;
				CODE_SIGN_STYLE = Automatic;
				CURRENT_PROJECT_VERSION = 1;
				DEVELOPMENT_ASSET_PATHS = "\"3DCarousel1220/Preview Content\"";
				DEVELOPMENT_TEAM = Z24MR455SQ;
				ENABLE_PREVIEWS = YES;
				GENERATE_INFOPLIST_FILE = YES;
				INFOPLIST_KEY_UIApplicationSceneManifest_Generation = YES;
				INFOPLIST_KEY_UIApplicationSupportsIndirectInputEvents = YES;
				INFOPLIST_KEY_UILaunchScreen_Generation = YES;
				INFOPLIST_KEY_UISupportedInterfaceOrientations_iPad = "UIInterfaceOrientationPortrait UIInterfaceOrientationPortraitUpsideDown UIInterfaceOrientationLandscapeLeft UIInterfaceOrientationLandscapeRight";
				INFOPLIST_KEY_UISupportedInterfaceOrientations_iPhone = "UIInterfaceOrientationPortrait UIInterfaceOrientationLandscapeLeft UIInterfaceOrientationLandscapeRight";
				LD_RUNPATH_SEARCH_PATHS = (
					"$(inherited)",
					"@executable_path/Frameworks",
				);
				MARKETING_VERSION = 1.0;
				PRODUCT_BUNDLE_IDENTIFIER = "zyf.-DCarousel1220";
				PRODUCT_NAME = "$(TARGET_NAME)";
				SWIFT_EMIT_LOC_STRINGS = YES;
				SWIFT_VERSION = 5.0;
				TARGETED_DEVICE_FAMILY = "1,2";
			};
			name = Debug;
		};
		02E63D17295153F200E0AFEB /* Release */ = {
			isa = XCBuildConfiguration;
			buildSettings = {
				ASSETCATALOG_COMPILER_APPICON_NAME = AppIcon;
				ASSETCATALOG_COMPILER_GLOBAL_ACCENT_COLOR_NAME = AccentColor;
				CODE_SIGN_STYLE = Automatic;
				CURRENT_PROJECT_VERSION = 1;
				DEVELOPMENT_ASSET_PATHS = "\"3DCarousel1220/Preview Content\"";
				DEVELOPMENT_TEAM = Z24MR455SQ;
				ENABLE_PREVIEWS = YES;
				GENERATE_INFOPLIST_FILE = YES;
				INFOPLIST_KEY_UIApplicationSceneManifest_Generation = YES;
				INFOPLIST_KEY_UIApplicationSupportsIndirectInputEvents = YES;
				INFOPLIST_KEY_UILaunchScreen_Generation = YES;
				INFOPLIST_KEY_UISupportedInterfaceOrientations_iPad = "UIInterfaceOrientationPortrait UIInterfaceOrientationPortraitUpsideDown UIInterfaceOrientationLandscapeLeft UIInterfaceOrientationLandscapeRight";
				INFOPLIST_KEY_UISupportedInterfaceOrientations_iPhone = "UIInterfaceOrientationPortrait UIInterfaceOrientationLandscapeLeft UIInterfaceOrientationLandscapeRight";
				LD_RUNPATH_SEARCH_PATHS = (
					"$(inherited)",
					"@executable_path/Frameworks",
				);
				MARKETING_VERSION = 1.0;
				PRODUCT_BUNDLE_IDENTIFIER = "zyf.-DCarousel1220";
				PRODUCT_NAME = "$(TARGET_NAME)";
				SWIFT_EMIT_LOC_STRINGS = YES;
				SWIFT_VERSION = 5.0;
				TARGETED_DEVICE_FAMILY = "1,2";
			};
			name = Release;
		};
/* End XCBuildConfiguration section */

/* Begin XCConfigurationList section */
		02E63D02295153F100E0AFEB /* Build configuration list for PBXProject "3DCarousel1220" */ = {
			isa = XCConfigurationList;
			buildConfigurations = (
				02E63D13295153F200E0AFEB /* Debug */,
				02E63D14295153F200E0AFEB /* Release */,
			);
			defaultConfigurationIsVisible = 0;
			defaultConfigurationName = Release;
		};
		02E63D15295153F200E0AFEB /* Build configuration list for PBXNativeTarget "3DCarousel1220" */ = {
			isa = XCConfigurationList;
			buildConfigurations = (
				02E63D16295153F200E0AFEB /* Debug */,
				02E63D17295153F200E0AFEB /* Release */,
			);
			defaultConfigurationIsVisible = 0;
			defaultConfigurationName = Release;
		};
/* End XCConfigurationList section */
	};
	rootObject = 02E63CFF295153F100E0AFEB /* Project object */;
}
